# THIS IS AN AUTOGENERATED FILE. DO NOT EDIT THIS FILE DIRECTLY.
# yarn lockfile v1


asynckit@^0.4.0:
  version "0.4.0"
  resolved "https://registry.yarnpkg.com/asynckit/-/asynckit-0.4.0.tgz#c79ed97f7f34cb8f2ba1bc9790bcc366474b4b79"
  integrity sha512-Oei9OH4tRh0YqU3GxhX79dM/mwVgvbZJaSNaRk+bshkj0S5cfHcgYakreBjrHwatXKbz+IoIdYLxrKim2MjW0Q==

axios@^0.27.2:
  version "0.27.2"
  resolved "https://registry.yarnpkg.com/axios/-/axios-0.27.2.tgz#207658cc8621606e586c85db4b41a750e756d972"
  integrity sha512-t+yRIyySRTp/wua5xEr+z1q60QmLq8ABsS5O9Me1AsE5dfKqgnCFzwiCZZ/cGNd1lq4/7akDWMxdhVlucjmnOQ==
  dependencies:
    follow-redirects "^1.14.9"
    form-data "^4.0.0"

combined-stream@^1.0.8:
  version "1.0.8"
  resolved "https://registry.yarnpkg.com/combined-stream/-/combined-stream-1.0.8.tgz#c3d45a8b34fd730631a110a8a2520682b31d5a7f"
  integrity sha512-FQN4MRfuJeHf7cBbBMJFXhKSDq+2kAArBlmRBvcvFE5BB1HZKXtSFASDhdlz9zOYwxh8lDdnvmMOe/+5cdoEdg==
  dependencies:
    delayed-stream "~1.0.0"

delayed-stream@~1.0.0:
  version "1.0.0"
  resolved "https://registry.yarnpkg.com/delayed-stream/-/delayed-stream-1.0.0.tgz#df3ae199acadfb7d440aaae0b29e2272b24ec619"
  integrity sha512-ZySD7Nf91aLB0RxL4KGrKHBXl7Eds1DAmEdcoVawXnLD7SDhpNgtuII2aAkg7a7QS41jxPSZ17p4VdGnMHk3MQ==

detect-indent@~6.0.0:
  version "6.0.0"
  resolved "https://registry.yarnpkg.com/detect-indent/-/detect-indent-6.0.0.tgz#0abd0f549f69fc6659a254fe96786186b6f528fd"
  integrity sha512-oSyFlqaTHCItVRGK5RmrmjB+CmaMOW7IaNA/kdxqhoa6d17j/5ce9O9eWXmV/KEdRwqpQA+Vqe8a8Bsybu4YnA==

docopt@~0.6.2:
  version "0.6.2"
  resolved "https://registry.yarnpkg.com/docopt/-/docopt-0.6.2.tgz#b28e9e2220da5ec49f7ea5bb24a47787405eeb11"
  integrity sha512-NqTbaYeE4gA/wU1hdKFdU+AFahpDOpgGLzHP42k6H6DKExJd0A55KEVWYhL9FEmHmgeLvEU2vuKXDuU+4yToOw==

dot-json@^1.2.2:
  version "1.2.2"
  resolved "https://registry.yarnpkg.com/dot-json/-/dot-json-1.2.2.tgz#7d35abece4aa22aa75a761388953f98495401bcc"
  integrity sha512-AKL+GsO4wSEU4LU+fAk/PqN4nQ6PB1vT3HpMiZous9xCzK5S0kh4DzfUY0EfU67jsIXLlu0ty71659N9Nmg+Tw==
  dependencies:
    detect-indent "~6.0.0"
    docopt "~0.6.2"
    underscore-keypath "~0.0.22"

follow-redirects@^1.14.9:
  version "1.15.1"
  resolved "https://registry.yarnpkg.com/follow-redirects/-/follow-redirects-1.15.1.tgz#0ca6a452306c9b276e4d3127483e29575e207ad5"
  integrity sha512-yLAMQs+k0b2m7cVxpS1VKJVvoz7SS9Td1zss3XRwXj+ZDH00RJgnuLx7E44wx02kQLrdM3aOOy+FpzS7+8OizA==

form-data@^4.0.0:
  version "4.0.0"
  resolved "https://registry.yarnpkg.com/form-data/-/form-data-4.0.0.tgz#93919daeaf361ee529584b9b31664dc12c9fa452"
  integrity sha512-ETEklSGi5t0QMZuiXoA/Q6vcnxcLQP5vdugSpuAyi6SVGi2clPPp+xgEhuMaHC+zGgn31Kd235W35f7Hykkaww==
  dependencies:
    asynckit "^0.4.0"
    combined-stream "^1.0.8"
    mime-types "^2.1.12"

lodash.clonedeep@^4.5.0:
  version "4.5.0"
  resolved "https://registry.yarnpkg.com/lodash.clonedeep/-/lodash.clonedeep-4.5.0.tgz#e23f3f9c4f8fbdde872529c1071857a086e5ccef"
  integrity sha512-H5ZhCF25riFd9uB5UCkVKo61m3S/xZk1x4wA6yp/L3RFP6Z/eHH1ymQcGLo7J3GMPfm0V/7m1tryHuGVxpqEBQ==

mime-db@1.52.0:
  version "1.52.0"
  resolved "https://registry.yarnpkg.com/mime-db/-/mime-db-1.52.0.tgz#bbabcdc02859f4987301c856e3387ce5ec43bf70"
  integrity sha512-sPU4uV7dYlvtWJxwwxHD0PuihVNiE7TyAbQ5SWxDCB9mUYvOgroQOwYQQOKPJ8CIbE+1ETVlOoK1UC2nU3gYvg==

mime-types@^2.1.12:
  version "2.1.35"
  resolved "https://registry.yarnpkg.com/mime-types/-/mime-types-2.1.35.tgz#381a871b62a734450660ae3deee44813f70d959a"
  integrity sha512-ZDY+bPm5zTTF+YpCrAU9nK0UgICYPT0QtT1NZWFv4s++TNkcgVaT0g6+4R2uI4MjQjzysHB1zxuWL50hzaeXiw==
  dependencies:
    mime-db "1.52.0"

underscore-keypath@~0.0.22:
  version "0.0.22"
  resolved "https://registry.yarnpkg.com/underscore-keypath/-/underscore-keypath-0.0.22.tgz#48a528392bb6efc424be1caa56da4b5faccf264d"
  integrity sha512-fU7aYj1J2LQd+jqdQ67AlCOZKK3Pl+VErS8fGYcgZG75XB9/bY+RLM+F2xEcKHhHNtLvqqFyXAoZQlLYfec3Xg==
  dependencies:
    underscore "*"

underscore@*:
  version "1.13.4"
  resolved "https://registry.yarnpkg.com/underscore/-/underscore-1.13.4.tgz#7886b46bbdf07f768e0052f1828e1dcab40c0dee"
  integrity sha512-BQFnUDuAQ4Yf/cYY5LNrK9NCJFKriaRbD9uR1fTeXnBeoa97W0i41qkZfGO9pSo8I5KzjAcSY2XYtdf0oKd7KQ==

user-agents@^1.0.1093:
  version "1.0.1093"
  resolved "https://registry.yarnpkg.com/user-agents/-/user-agents-1.0.1093.tgz#2d789103aa17c36174a29e84c6d91c3f6fc625a8"
  integrity sha512-uFN5EcAI83S5IcdWeW8RZ1DIW4Cjc74oTVAbJEbEG4ceiRu1Q7oY7U2nqYBnBbwp1fxEpHVXdO8OKsd6GL2Giw==
  dependencies:
    dot-json "^1.2.2"
    lodash.clonedeep "^4.5.0"
